// !$*UTF8*$!
{
	archiveVersion = 1;
	classes = {
	};
	objectVersion = 48;
	objects = {

/* Begin PBXBuildFile section */
		3967226488AD78D5AD982F51 /* SaverSharer.swift in Sources */ = {isa = PBXBuildFile; fileRef = 396722DDDFF8EDD63D9D33B5 /* SaverSharer.swift */; };
		396726B4614C009C364CB680 /* ScreenCapturer.swift in Sources */ = {isa = PBXBuildFile; fileRef = 396724178AEE3527EC999CAD /* ScreenCapturer.swift */; };
		39672CEEECD69AEC12333A4E /* Meme.swift in Sources */ = {isa = PBXBuildFile; fileRef = 39672932BF0564FB3DEDA90F /* Meme.swift */; };
		9C27F1C81FB0BFF60022ED67 /* TableViewController.swift in Sources */ = {isa = PBXBuildFile; fileRef = 9C27F1C71FB0BFF60022ED67 /* TableViewController.swift */; };
		9C87EC721FB9E024001A61CA /* CustomCollectionViewController.swift in Sources */ = {isa = PBXBuildFile; fileRef = 9C87EC711FB9E024001A61CA /* CustomCollectionViewController.swift */; };
		9C87EC751FB9E831001A61CA /* CustomCollectionViewCell.swift in Sources */ = {isa = PBXBuildFile; fileRef = 9C87EC741FB9E831001A61CA /* CustomCollectionViewCell.swift */; };
		9CFCB8C81FA8D1A000AD2DF2 /* AppDelegate.swift in Sources */ = {isa = PBXBuildFile; fileRef = 9CFCB8C71FA8D1A000AD2DF2 /* AppDelegate.swift */; };
		9CFCB8CA1FA8D1A000AD2DF2 /* ViewController.swift in Sources */ = {isa = PBXBuildFile; fileRef = 9CFCB8C91FA8D1A000AD2DF2 /* ViewController.swift */; };
		9CFCB8CD1FA8D1A000AD2DF2 /* Main.storyboard in Resources */ = {isa = PBXBuildFile; fileRef = 9CFCB8CB1FA8D1A000AD2DF2 /* Main.storyboard */; };
		9CFCB8CF1FA8D1A000AD2DF2 /* Assets.xcassets in Resources */ = {isa = PBXBuildFile; fileRef = 9CFCB8CE1FA8D1A000AD2DF2 /* Assets.xcassets */; };
		9CFCB8D21FA8D1A000AD2DF2 /* LaunchScreen.storyboard in Resources */ = {isa = PBXBuildFile; fileRef = 9CFCB8D01FA8D1A000AD2DF2 /* LaunchScreen.storyboard */; };
		9CFCB8DD1FA9DADE00AD2DF2 /* CustomTextDelegate.swift in Sources */ = {isa = PBXBuildFile; fileRef = 9CFCB8DC1FA9DADE00AD2DF2 /* CustomTextDelegate.swift */; };
/* End PBXBuildFile section */

/* Begin PBXFileReference section */
		396722DDDFF8EDD63D9D33B5 /* SaverSharer.swift */ = {isa = PBXFileReference; fileEncoding = 4; lastKnownFileType = sourcecode.swift; path = SaverSharer.swift; sourceTree = "<group>"; };
		396724178AEE3527EC999CAD /* ScreenCapturer.swift */ = {isa = PBXFileReference; fileEncoding = 4; lastKnownFileType = sourcecode.swift; path = ScreenCapturer.swift; sourceTree = "<group>"; };
		39672932BF0564FB3DEDA90F /* Meme.swift */ = {isa = PBXFileReference; fileEncoding = 4; lastKnownFileType = sourcecode.swift; path = Meme.swift; sourceTree = "<group>"; };
		9C27F1C71FB0BFF60022ED67 /* TableViewController.swift */ = {isa = PBXFileReference; lastKnownFileType = sourcecode.swift; path = TableViewController.swift; sourceTree = "<group>"; };
		9C87EC711FB9E024001A61CA /* CustomCollectionViewController.swift */ = {isa = PBXFileReference; lastKnownFileType = sourcecode.swift; path = CustomCollectionViewController.swift; sourceTree = "<group>"; };
		9C87EC741FB9E831001A61CA /* CustomCollectionViewCell.swift */ = {isa = PBXFileReference; lastKnownFileType = sourcecode.swift; path = CustomCollectionViewCell.swift; sourceTree = "<group>"; };
		9CFCB8C41FA8D1A000AD2DF2 /* mm.app */ = {isa = PBXFileReference; explicitFileType = wrapper.application; includeInIndex = 0; path = mm.app; sourceTree = BUILT_PRODUCTS_DIR; };
		9CFCB8C71FA8D1A000AD2DF2 /* AppDelegate.swift */ = {isa = PBXFileReference; lastKnownFileType = sourcecode.swift; path = AppDelegate.swift; sourceTree = "<group>"; };
		9CFCB8C91FA8D1A000AD2DF2 /* ViewController.swift */ = {isa = PBXFileReference; lastKnownFileType = sourcecode.swift; path = ViewController.swift; sourceTree = "<group>"; };
		9CFCB8CC1FA8D1A000AD2DF2 /* Base */ = {isa = PBXFileReference; lastKnownFileType = file.storyboard; name = Base; path = Base.lproj/Main.storyboard; sourceTree = "<group>"; };
		9CFCB8CE1FA8D1A000AD2DF2 /* Assets.xcassets */ = {isa = PBXFileReference; lastKnownFileType = folder.assetcatalog; path = Assets.xcassets; sourceTree = "<group>"; };
		9CFCB8D11FA8D1A000AD2DF2 /* Base */ = {isa = PBXFileReference; lastKnownFileType = file.storyboard; name = Base; path = Base.lproj/LaunchScreen.storyboard; sourceTree = "<group>"; };
		9CFCB8D31FA8D1A000AD2DF2 /* Info.plist */ = {isa = PBXFileReference; lastKnownFileType = text.plist.xml; path = Info.plist; sourceTree = "<group>"; };
		9CFCB8DC1FA9DADE00AD2DF2 /* CustomTextDelegate.swift */ = {isa = PBXFileReference; lastKnownFileType = sourcecode.swift; path = CustomTextDelegate.swift; sourceTree = "<group>"; };
/* End PBXFileReference section */

/* Begin PBXFrameworksBuildPhase section */
		9CFCB8C11FA8D1A000AD2DF2 /* Frameworks */ = {
			isa = PBXFrameworksBuildPhase;
			buildActionMask = 2147483647;
			files = (
			);
			runOnlyForDeploymentPostprocessing = 0;
		};
/* End PBXFrameworksBuildPhase section */

/* Begin PBXGroup section */
		396720EBBD16826D5A3F5D4A /* saversharer */ = {
			isa = PBXGroup;
			children = (
				396722DDDFF8EDD63D9D33B5 /* SaverSharer.swift */,
			);
			path = saversharer;
			sourceTree = "<group>";
		};
		9C27F1C61FB0BFC10022ED67 /* list */ = {
			isa = PBXGroup;
			children = (
				9C27F1C71FB0BFF60022ED67 /* TableViewController.swift */,
			);
			path = list;
			sourceTree = "<group>";
		};
		9C87EC731FB9E80D001A61CA /* grid */ = {
			isa = PBXGroup;
			children = (
				9C87EC711FB9E024001A61CA /* CustomCollectionViewController.swift */,
				9C87EC741FB9E831001A61CA /* CustomCollectionViewCell.swift */,
			);
			path = grid;
			sourceTree = "<group>";
		};
		9CFCB8BB1FA8D1A000AD2DF2 = {
			isa = PBXGroup;
			children = (
				9CFCB8C61FA8D1A000AD2DF2 /* mm */,
				9CFCB8C51FA8D1A000AD2DF2 /* Products */,
			);
			sourceTree = "<group>";
		};
		9CFCB8C51FA8D1A000AD2DF2 /* Products */ = {
			isa = PBXGroup;
			children = (
				9CFCB8C41FA8D1A000AD2DF2 /* mm.app */,
			);
			name = Products;
			sourceTree = "<group>";
		};
		9CFCB8C61FA8D1A000AD2DF2 /* mm */ = {
			isa = PBXGroup;
			children = (
				9C87EC731FB9E80D001A61CA /* grid */,
				9C27F1C61FB0BFC10022ED67 /* list */,
				9CFCB8D91FA9D0A700AD2DF2 /* picker */,
				9CFCB8C71FA8D1A000AD2DF2 /* AppDelegate.swift */,
				9CFCB8C91FA8D1A000AD2DF2 /* ViewController.swift */,
				9CFCB8CB1FA8D1A000AD2DF2 /* Main.storyboard */,
				9CFCB8CE1FA8D1A000AD2DF2 /* Assets.xcassets */,
				9CFCB8D01FA8D1A000AD2DF2 /* LaunchScreen.storyboard */,
				9CFCB8D31FA8D1A000AD2DF2 /* Info.plist */,
				396720EBBD16826D5A3F5D4A /* saversharer */,
				39672932BF0564FB3DEDA90F /* Meme.swift */,
				396724178AEE3527EC999CAD /* ScreenCapturer.swift */,
			);
			path = mm;
			sourceTree = "<group>";
		};
		9CFCB8D91FA9D0A700AD2DF2 /* picker */ = {
			isa = PBXGroup;
			children = (
				9CFCB8DC1FA9DADE00AD2DF2 /* CustomTextDelegate.swift */,
			);
			path = picker;
			sourceTree = "<group>";
		};
/* End PBXGroup section */

/* Begin PBXNativeTarget section */
		9CFCB8C31FA8D1A000AD2DF2 /* mm */ = {
			isa = PBXNativeTarget;
			buildConfigurationList = 9CFCB8D61FA8D1A000AD2DF2 /* Build configuration list for PBXNativeTarget "mm" */;
			buildPhases = (
				9CFCB8C01FA8D1A000AD2DF2 /* Sources */,
				9CFCB8C11FA8D1A000AD2DF2 /* Frameworks */,
				9CFCB8C21FA8D1A000AD2DF2 /* Resources */,
			);
			buildRules = (
			);
			dependencies = (
			);
			name = mm;
			productName = mm;
			productReference = 9CFCB8C41FA8D1A000AD2DF2 /* mm.app */;
			productType = "com.apple.product-type.application";
		};
/* End PBXNativeTarget section */

/* Begin PBXProject section */
		9CFCB8BC1FA8D1A000AD2DF2 /* Project object */ = {
			isa = PBXProject;
			attributes = {
				LastSwiftUpdateCheck = 0900;
				LastUpgradeCheck = 0900;
				ORGANIZATIONNAME = "Maurizio Pietrantuono";
				TargetAttributes = {
					9CFCB8C31FA8D1A000AD2DF2 = {
						CreatedOnToolsVersion = 9.0;
						ProvisioningStyle = Automatic;
					};
				};
			};
			buildConfigurationList = 9CFCB8BF1FA8D1A000AD2DF2 /* Build configuration list for PBXProject "mm" */;
			compatibilityVersion = "Xcode 8.0";
			developmentRegion = en;
			hasScannedForEncodings = 0;
			knownRegions = (
				en,
				Base,
			);
			mainGroup = 9CFCB8BB1FA8D1A000AD2DF2;
			productRefGroup = 9CFCB8C51FA8D1A000AD2DF2 /* Products */;
			projectDirPath = "";
			projectRoot = "";
			targets = (
				9CFCB8C31FA8D1A000AD2DF2 /* mm */,
			);
		};
/* End PBXProject section */

/* Begin PBXResourcesBuildPhase section */
		9CFCB8C21FA8D1A000AD2DF2 /* Resources */ = {
			isa = PBXResourcesBuildPhase;
			buildActionMask = 2147483647;
			files = (
				9CFCB8D21FA8D1A000AD2DF2 /* LaunchScreen.storyboard in Resources */,
				9CFCB8CF1FA8D1A000AD2DF2 /* Assets.xcassets in Resources */,
				9CFCB8CD1FA8D1A000AD2DF2 /* Main.storyboard in Resources */,
			);
			runOnlyForDeploymentPostprocessing = 0;
		};
/* End PBXResourcesBuildPhase section */

/* Begin PBXSourcesBuildPhase section */
		9CFCB8C01FA8D1A000AD2DF2 /* Sources */ = {
			isa = PBXSourcesBuildPhase;
			buildActionMask = 2147483647;
			files = (
				9CFCB8DD1FA9DADE00AD2DF2 /* CustomTextDelegate.swift in Sources */,
				9C87EC751FB9E831001A61CA /* CustomCollectionViewCell.swift in Sources */,
				9C27F1C81FB0BFF60022ED67 /* TableViewController.swift in Sources */,
				9CFCB8CA1FA8D1A000AD2DF2 /* ViewController.swift in Sources */,
				9CFCB8C81FA8D1A000AD2DF2 /* AppDelegate.swift in Sources */,
				3967226488AD78D5AD982F51 /* SaverSharer.swift in Sources */,
				9C87EC721FB9E024001A61CA /* CustomCollectionViewController.swift in Sources */,
				39672CEEECD69AEC12333A4E /* Meme.swift in Sources */,
				396726B4614C009C364CB680 /* ScreenCapturer.swift in Sources */,
			);
			runOnlyForDeploymentPostprocessing = 0;
		};
/* End PBXSourcesBuildPhase section */

/* Begin PBXVariantGroup section */
		9CFCB8CB1FA8D1A000AD2DF2 /* Main.storyboard */ = {
			isa = PBXVariantGroup;
			children = (
				9CFCB8CC1FA8D1A000AD2DF2 /* Base */,
			);
			name = Main.storyboard;
			sourceTree = "<group>";
		};
		9CFCB8D01FA8D1A000AD2DF2 /* LaunchScreen.storyboard */ = {
			isa = PBXVariantGroup;
			children = (
				9CFCB8D11FA8D1A000AD2DF2 /* Base */,
			);
			name = LaunchScreen.storyboard;
			sourceTree = "<group>";
		};
/* End PBXVariantGroup section */

/* Begin XCBuildConfiguration section */
		9CFCB8D41FA8D1A000AD2DF2 /* Debug */ = {
			isa = XCBuildConfiguration;
			buildSettings = {
				ALWAYS_SEARCH_USER_PATHS = NO;
				CLANG_ANALYZER_NONNULL = YES;
				CLANG_ANALYZER_NUMBER_OBJECT_CONVERSION = YES_AGGRESSIVE;
				CLANG_CXX_LANGUAGE_STANDARD = "gnu++14";
				CLANG_CXX_LIBRARY = "libc++";
				CLANG_ENABLE_MODULES = YES;
				CLANG_ENABLE_OBJC_ARC = YES;
				CLANG_WARN_BLOCK_CAPTURE_AUTORELEASING = YES;
				CLANG_WARN_BOOL_CONVERSION = YES;
				CLANG_WARN_COMMA = YES;
				CLANG_WARN_CONSTANT_CONVERSION = YES;
				CLANG_WARN_DIRECT_OBJC_ISA_USAGE = YES_ERROR;
				CLANG_WARN_DOCUMENTATION_COMMENTS = YES;
				CLANG_WARN_EMPTY_BODY = YES;
				CLANG_WARN_ENUM_CONVERSION = YES;
				CLANG_WARN_INFINITE_RECURSION = YES;
				CLANG_WARN_INT_CONVERSION = YES;
				CLANG_WARN_NON_LITERAL_NULL_CONVERSION = YES;
				CLANG_WARN_OBJC_LITERAL_CONVERSION = YES;
				CLANG_WARN_OBJC_ROOT_CLASS = YES_ERROR;
				CLANG_WARN_RANGE_LOOP_ANALYSIS = YES;
				CLANG_WARN_STRICT_PROTOTYPES = YES;
				CLANG_WARN_SUSPICIOUS_MOVE = YES;
				CLANG_WARN_UNGUARDED_AVAILABILITY = YES_AGGRESSIVE;
				CLANG_WARN_UNREACHABLE_CODE = YES;
				CLANG_WARN__DUPLICATE_METHOD_MATCH = YES;
				CODE_SIGN_IDENTITY = "iPhone Developer";
				COPY_PHASE_STRIP = NO;
				DEBUG_INFORMATION_FORMAT = dwarf;
				ENABLE_STRICT_OBJC_MSGSEND = YES;
				ENABLE_TESTABILITY = YES;
				GCC_C_LANGUAGE_STANDARD = gnu11;
				GCC_DYNAMIC_NO_PIC = NO;
				GCC_NO_COMMON_BLOCKS = YES;
				GCC_OPTIMIZATION_LEVEL = 0;
				GCC_PREPROCESSOR_DEFINITIONS = (
					"DEBUG=1",
					"$(inherited)",
				);
				GCC_WARN_64_TO_32_BIT_CONVERSION = YES;
				GCC_WARN_ABOUT_RETURN_TYPE = YES_ERROR;
				GCC_WARN_UNDECLARED_SELECTOR = YES;
				GCC_WARN_UNINITIALIZED_AUTOS = YES_AGGRESSIVE;
				GCC_WARN_UNUSED_FUNCTION = YES;
				GCC_WARN_UNUSED_VARIABLE = YES;
				IPHONEOS_DEPLOYMENT_TARGET = 11.0;
				MTL_ENABLE_DEBUG_INFO = YES;
				ONLY_ACTIVE_ARCH = YES;
				SDKROOT = iphoneos;
				SWIFT_ACTIVE_COMPILATION_CONDITIONS = DEBUG;
				SWIFT_OPTIMIZATION_LEVEL = "-Onone";
			};
			name = Debug;
		};
		9CFCB8D51FA8D1A000AD2DF2 /* Release */ = {
			isa = XCBuildConfiguration;
			buildSettings = {
				ALWAYS_SEARCH_USER_PATHS = NO;
				CLANG_ANALYZER_NONNULL = YES;
				CLANG_ANALYZER_NUMBER_OBJECT_CONVERSION = YES_AGGRESSIVE;
				CLANG_CXX_LANGUAGE_STANDARD = "gnu++14";
				CLANG_CXX_LIBRARY = "libc++";
				CLANG_ENABLE_MODULES = YES;
				CLANG_ENABLE_OBJC_ARC = YES;
				CLANG_WARN_BLOCK_CAPTURE_AUTORELEASING = YES;
				CLANG_WARN_BOOL_CONVERSION = YES;
				CLANG_WARN_COMMA = YES;
				CLANG_WARN_CONSTANT_CONVERSION = YES;
				CLANG_WARN_DIRECT_OBJC_ISA_USAGE = YES_ERROR;
				CLANG_WARN_DOCUMENTATION_COMMENTS = YES;
				CLANG_WARN_EMPTY_BODY = YES;
				CLANG_WARN_ENUM_CONVERSION = YES;
				CLANG_WARN_INFINITE_RECURSION = YES;
				CLANG_WARN_INT_CONVERSION = YES;
				CLANG_WARN_NON_LITERAL_NULL_CONVERSION = YES;
				CLANG_WARN_OBJC_LITERAL_CONVERSION = YES;
				CLANG_WARN_OBJC_ROOT_CLASS = YES_ERROR;
				CLANG_WARN_RANGE_LOOP_ANALYSIS = YES;
				CLANG_WARN_STRICT_PROTOTYPES = YES;
				CLANG_WARN_SUSPICIOUS_MOVE = YES;
				CLANG_WARN_UNGUARDED_AVAILABILITY = YES_AGGRESSIVE;
				CLANG_WARN_UNREACHABLE_CODE = YES;
				CLANG_WARN__DUPLICATE_METHOD_MATCH = YES;
				CODE_SIGN_IDENTITY = "iPhone Developer";
				COPY_PHASE_STRIP = NO;
				DEBUG_INFORMATION_FORMAT = "dwarf-with-dsym";
				ENABLE_NS_ASSERTIONS = NO;
				ENABLE_STRICT_OBJC_MSGSEND = YES;
				GCC_C_LANGUAGE_STANDARD = gnu11;
				GCC_NO_COMMON_BLOCKS = YES;
				GCC_WARN_64_TO_32_BIT_CONVERSION = YES;
				GCC_WARN_ABOUT_RETURN_TYPE = YES_ERROR;
				GCC_WARN_UNDECLARED_SELECTOR = YES;
				GCC_WARN_UNINITIALIZED_AUTOS = YES_AGGRESSIVE;
				GCC_WARN_UNUSED_FUNCTION = YES;
				GCC_WARN_UNUSED_VARIABLE = YES;
				IPHONEOS_DEPLOYMENT_TARGET = 11.0;
				MTL_ENABLE_DEBUG_INFO = NO;
				SDKROOT = iphoneos;
				SWIFT_OPTIMIZATION_LEVEL = "-Owholemodule";
				VALIDATE_PRODUCT = YES;
			};
			name = Release;
		};
		9CFCB8D71FA8D1A000AD2DF2 /* Debug */ = {
			isa = XCBuildConfiguration;
			buildSettings = {
				ASSETCATALOG_COMPILER_APPICON_NAME = AppIcon;
				CODE_SIGN_STYLE = Automatic;
				DEVELOPMENT_TEAM = TJ8WHG4Q3K;
				INFOPLIST_FILE = mm/Info.plist;
				LD_RUNPATH_SEARCH_PATHS = "$(inherited) @executable_path/Frameworks";
				PRODUCT_BUNDLE_IDENTIFIER = pietrantuono.mm;
				PRODUCT_NAME = "$(TARGET_NAME)";
				SWIFT_VERSION = 4.0;
				TARGETED_DEVICE_FAMILY = "1,2";
			};
			name = Debug;
		};
		9CFCB8D81FA8D1A000AD2DF2 /* Release */ = {
			isa = XCBuildConfiguration;
			buildSettings = {
				ASSETCATALOG_COMPILER_APPICON_NAME = AppIcon;
				CODE_SIGN_STYLE = Automatic;
				DEVELOPMENT_TEAM = TJ8WHG4Q3K;
				INFOPLIST_FILE = mm/Info.plist;
				LD_RUNPATH_SEARCH_PATHS = "$(inherited) @executable_path/Frameworks";
				PRODUCT_BUNDLE_IDENTIFIER = pietrantuono.mm;
				PRODUCT_NAME = "$(TARGET_NAME)";
				SWIFT_VERSION = 4.0;
				TARGETED_DEVICE_FAMILY = "1,2";
			};
			name = Release;
		};
/* End XCBuildConfiguration section */

/* Begin XCConfigurationList section */
		9CFCB8BF1FA8D1A000AD2DF2 /* Build configuration list for PBXProject "mm" */ = {
			isa = XCConfigurationList;
			buildConfigurations = (
				9CFCB8D41FA8D1A000AD2DF2 /* Debug */,
				9CFCB8D51FA8D1A000AD2DF2 /* Release */,
			);
			defaultConfigurationIsVisible = 0;
			defaultConfigurationName = Release;
		};
		9CFCB8D61FA8D1A000AD2DF2 /* Build configuration list for PBXNativeTarget "mm" */ = {
			isa = XCConfigurationList;
			buildConfigurations = (
				9CFCB8D71FA8D1A000AD2DF2 /* Debug */,
				9CFCB8D81FA8D1A000AD2DF2 /* Release */,
			);
			defaultConfigurationIsVisible = 0;
			defaultConfigurationName = Release;
		};
/* End XCConfigurationList section */
	};
	rootObject = 9CFCB8BC1FA8D1A000AD2DF2 /* Project object */;
}
